
Microsoft Visual Studio Solution File, Format Version 12.00
# Visual Studio Version 17
VisualStudioVersion = 17.1.32210.238
MinimumVisualStudioVersion = 10.0.40219.1
Project("{FAE04EC0-301F-11D3-BF4B-00C04F79EFBC}") = "GUI", "GUI\GUI.csproj", "{B0AE1278-479A-422A-BD9C-0D0A2BD1B209}"
EndProject
Global
	GlobalSection(SolutionConfigurationPlatforms) = preSolution
		Debug|Any CPU = Debug|Any CPU
		Release|Any CPU = Release|Any CPU
	EndGlobalSection
	GlobalSection(ProjectConfigurationPlatforms) = postSolution
		{B0AE1278-479A-422A-BD9C-0D0A2BD1B209}.Debug|Any CPU.ActiveCfg = Debug|Any CPU
		{B0AE1278-479A-422A-BD9C-0D0A2BD1B209}.Debug|Any CPU.Build.0 = Debug|Any CPU
		{B0AE1278-479A-422A-BD9C-0D0A2BD1B209}.Release|Any CPU.ActiveCfg = Release|Any CPU
		{B0AE1278-479A-422A-BD9C-0D0A2BD1B209}.Release|Any CPU.Build.0 = Release|Any CPU
	EndGlobalSection
	GlobalSection(SolutionProperties) = preSolution
		HideSolutionNode = FALSE
	EndGlobalSection
	GlobalSection(ExtensibilityGlobals) = postSolution
		SolutionGuid = {B1605AF1-DF7D-4D98-9F74-E3DB3A1063B2}
	EndGlobalSection
EndGlobal
